{
  "version": 4,
  "terraform_version": "0.12.20",
  "serial": 79,
  "lineage": "cadb3c6f-0ac6-e2f1-ef85-482183da8373",
  "outputs": {
    "host": {
      "value": "34.90.76.178",
      "type": "string"
    }
  },
  "resources": [
    {
      "mode": "managed",
      "type": "google_container_cluster",
      "name": "C1",
      "provider": "provider.google",
      "instances": [
        {
          "schema_version": 1,
          "attributes": {
            "additional_zones": [],
            "addons_config": [
              {
                "horizontal_pod_autoscaling": [],
                "http_load_balancing": [],
                "kubernetes_dashboard": [],
                "network_policy_config": [
                  {
                    "disabled": true
                  }
                ]
              }
            ],
            "authenticator_groups_config": [],
            "cluster_autoscaling": [
              {
                "auto_provisioning_defaults": [],
                "enabled": false,
                "resource_limits": []
              }
            ],
            "cluster_ipv4_cidr": "10.36.0.0/14",
            "default_max_pods_per_node": 110,
            "description": "",
            "enable_binary_authorization": false,
            "enable_intranode_visibility": null,
            "enable_kubernetes_alpha": false,
            "enable_legacy_abac": false,
            "enable_tpu": null,
            "endpoint": "34.90.76.178",
            "id": "projects/kube2020-266915/locations/europe-west4-a/clusters/c1",
            "initial_node_count": 1,
            "instance_group_urls": [],
            "ip_allocation_policy": [],
            "location": "europe-west4-a",
            "logging_service": "logging.googleapis.com/kubernetes",
            "maintenance_policy": [],
            "master_auth": [
              {
                "client_certificate": "",
                "client_certificate_config": [
                  {
                    "issue_client_certificate": false
                  }
                ],
                "client_key": "",
                "cluster_ca_certificate": "LS0tLS1CRUdJTiBDRVJUSUZJQ0FURS0tLS0tCk1JSURERENDQWZTZ0F3SUJBZ0lSQU52VWVsWlBrNDRQMUhsWnJwQ2hzSGt3RFFZSktvWklodmNOQVFFTEJRQXcKTHpFdE1Dc0dBMVVFQXhNa05XRTNaalZsTm1RdE1EbG1ZUzAwWlRBd0xXRmtaamd0TUdWaVpqY3hPV0ZsTkRobQpNQjRYRFRJd01ESXlNVEU0TURJd04xb1hEVEkxTURJeE9URTVNREl3TjFvd0x6RXRNQ3NHQTFVRUF4TWtOV0UzClpqVmxObVF0TURsbVlTMDBaVEF3TFdGa1pqZ3RNR1ZpWmpjeE9XRmxORGhtTUlJQklqQU5CZ2txaGtpRzl3MEIKQVFFRkFBT0NBUThBTUlJQkNnS0NBUUVBbjN2SkZiRzl2S1l6WkRRZEs5aXZ5aVlJS3BzOGFCWU5kVkd4RXp4egpkQWVwSjhMc01PMTZOT1o4dXlyWmdaUmNqeFZZN01GL2YxUVJZYzZhcnRpWjA4T2lCZjlwV1RkSHgwYmFpSS9jCjA0eW0veFE3TEJTVzhaaHpNMG5TZU0vSzlDSXZlODF3aEgvSUEvakNuWi9sWXB3enhlanYwRlVBdmJNK2c2bHQKL1NmWnZhMGorRXovT01heU9LWUlTTnhNUlFKOTRqUTVmbnlPY2pDOUUrd3F2WE9oeHppZXdSSUR3eURKNmhtVAowelNqRXBmVDJ5UVpwR3RWV3NJZnlQMFF3TEx3THVIdEs4YjFEU1d5VUVtZTF2MU1WcmJZc283cnllN3JRcjltCnlta2dZUTlxcmRVOEVSK1cvUHg0OTR0eHdWS3RuaDRoOXFGNnpzMkluZHZBV3dJREFRQUJveU13SVRBT0JnTlYKSFE4QkFmOEVCQU1DQWdRd0R3WURWUjBUQVFIL0JBVXdBd0VCL3pBTkJna3Foa2lHOXcwQkFRc0ZBQU9DQVFFQQpBTWQvbzRIUE8xV3V3WWtvd2V1YTdCdWpmMnpBSmpVRlVyUjRNendyVU1qdDZ6eUNSb2p0cEZKT3BNZXNiaThlCjcxNFBSMVgwaXR5aDNmZDliZ05seUhEL3ZVL2l6bmpRdnQrZHZ1T0tDTTB6azhEWnF5TlJhYlZ5cDFqTnBrd2sKeUcxVU12NGkvN204MlJweEhrSXE0ZGx0WkZkcFkvS3E4R1BHOE8rdW9ESVNVUEJjUU9FY0FVZGNlcFl0YTJGdgpnZWdnbjhIdllDODA5N3lOYnQ3eGp0Y1JRZk9TZnRNNUtBejNHQjRMNUNpQXFjVWVQVFNTMnhZN0xkNUFiQjFQCmRkYzF2QUZFNGl4S280aFBPQlVjSmpFTnR1SVMzS01qL0N0ZXEwV1FOaVpVMWpzVEVBY3hnYzZ0eDNjVUMrNk4KOGpzcjRjRk1idGovMWNxVjJHMnVuUT09Ci0tLS0tRU5EIENFUlRJRklDQVRFLS0tLS0K",
                "password": "",
                "username": ""
              }
            ],
            "master_authorized_networks_config": [],
            "master_version": "1.14.10-gke.17",
            "min_master_version": null,
            "monitoring_service": "monitoring.googleapis.com/kubernetes",
            "name": "c1",
            "network": "projects/kube2020-266915/global/networks/default",
            "network_policy": [
              {
                "enabled": false,
                "provider": "PROVIDER_UNSPECIFIED"
              }
            ],
            "node_config": [],
            "node_locations": [],
            "node_pool": [],
            "node_version": "1.14.10-gke.17",
            "operation": null,
            "pod_security_policy_config": null,
            "private_cluster_config": [],
            "project": "kube2020-266915",
            "region": null,
            "remove_default_node_pool": true,
            "resource_labels": null,
            "services_ipv4_cidr": "10.39.240.0/20",
            "subnetwork": "projects/kube2020-266915/regions/europe-west4/subnetworks/default",
            "timeouts": null,
            "vertical_pod_autoscaling": [],
            "zone": null
          },
          "private": "eyJlMmJmYjczMC1lY2FhLTExZTYtOGY4OC0zNDM2M2JjN2M0YzAiOnsiY3JlYXRlIjoyNDAwMDAwMDAwMDAwLCJkZWxldGUiOjI0MDAwMDAwMDAwMDAsInVwZGF0ZSI6MzYwMDAwMDAwMDAwMH0sInNjaGVtYV92ZXJzaW9uIjoiMSJ9"
        }
      ]
    },
    {
      "mode": "managed",
      "type": "google_container_node_pool",
      "name": "P1",
      "provider": "provider.google",
      "instances": [
        {
          "schema_version": 1,
          "attributes": {
            "autoscaling": [
              {
                "max_node_count": 4,
                "min_node_count": 0
              }
            ],
            "cluster": "c1",
            "id": "projects/kube2020-266915/locations/europe-west4-a/clusters/c1/nodePools/p1",
            "initial_node_count": 1,
            "instance_group_urls": [
              "https://www.googleapis.com/compute/v1/projects/kube2020-266915/zones/europe-west4-a/instanceGroupManagers/gke-c1-p1-cee77f45-grp"
            ],
            "location": "europe-west4-a",
            "management": [
              {
                "auto_repair": true,
                "auto_upgrade": true
              }
            ],
            "max_pods_per_node": null,
            "name": "p1",
            "name_prefix": "",
            "node_config": [
              {
                "disk_size_gb": 10,
                "disk_type": "pd-standard",
                "guest_accelerator": [],
                "image_type": "COS",
                "labels": {},
                "local_ssd_count": 0,
                "machine_type": "e2-small",
                "metadata": {
                  "disable-legacy-endpoints": "true"
                },
                "min_cpu_platform": "",
                "oauth_scopes": [
                  "https://www.googleapis.com/auth/cloud-platform",
                  "https://www.googleapis.com/auth/devstorage.read_only",
                  "https://www.googleapis.com/auth/logging.write",
                  "https://www.googleapis.com/auth/monitoring"
                ],
                "preemptible": true,
                "sandbox_config": [],
                "service_account": "default",
                "shielded_instance_config": [
                  {
                    "enable_integrity_monitoring": true,
                    "enable_secure_boot": false
                  }
                ],
                "tags": null,
                "taint": [],
                "workload_metadata_config": []
              }
            ],
            "node_count": 1,
            "project": "kube2020-266915",
            "region": null,
            "timeouts": null,
            "version": "1.14.10-gke.17",
            "zone": null
          },
          "private": "eyJlMmJmYjczMC1lY2FhLTExZTYtOGY4OC0zNDM2M2JjN2M0YzAiOnsiY3JlYXRlIjoxODAwMDAwMDAwMDAwLCJkZWxldGUiOjE4MDAwMDAwMDAwMDAsInVwZGF0ZSI6MTgwMDAwMDAwMDAwMH0sInNjaGVtYV92ZXJzaW9uIjoiMSJ9",
          "dependencies": [
            "google_container_cluster.C1"
          ]
        }
      ]
    }
  ]
}
